
Microsoft Visual Studio Solution File, Format Version 12.00
# Visual Studio Version 16
VisualStudioVersion = 16.0.29920.165
MinimumVisualStudioVersion = 10.0.40219.1
Project("{FAE04EC0-301F-11D3-BF4B-00C04F79EFBC}") = "electrodomesticos", "electrodomesticos\electrodomesticos.csproj", "{E2BEDA16-2510-45C9-B285-535CF5D85BD4}"
EndProject
Global
	GlobalSection(SolutionConfigurationPlatforms) = preSolution
		Debug|Any CPU = Debug|Any CPU
		Release|Any CPU = Release|Any CPU
	EndGlobalSection
	GlobalSection(ProjectConfigurationPlatforms) = postSolution
		{E2BEDA16-2510-45C9-B285-535CF5D85BD4}.Debug|Any CPU.ActiveCfg = Debug|Any CPU
		{E2BEDA16-2510-45C9-B285-535CF5D85BD4}.Debug|Any CPU.Build.0 = Debug|Any CPU
		{E2BEDA16-2510-45C9-B285-535CF5D85BD4}.Release|Any CPU.ActiveCfg = Release|Any CPU
		{E2BEDA16-2510-45C9-B285-535CF5D85BD4}.Release|Any CPU.Build.0 = Release|Any CPU
	EndGlobalSection
	GlobalSection(SolutionProperties) = preSolution
		HideSolutionNode = FALSE
	EndGlobalSection
	GlobalSection(ExtensibilityGlobals) = postSolution
		SolutionGuid = {791EF764-EB0B-4C73-90E6-3F1C103EB259}
	EndGlobalSection
EndGlobal
